
Microsoft Visual Studio Solution File, Format Version 12.00
# Visual Studio Version 17
VisualStudioVersion = 17.0.31903.59
MinimumVisualStudioVersion = 10.0.40219.1
Project("{FAE04EC0-301F-11D3-BF4B-00C04F79EFBC}") = "WikaApp", "WikaApp\WikaApp.csproj", "{ABB7D09F-88B6-4A7A-B981-1220AC2AD952}"
EndProject
Project("{2150E333-8FDC-42A3-9474-1A3956D46DE8}") = "SolutionFolder", "SolutionFolder", "{DD4E1344-F84E-46AA-B85C-79C1D1239A4E}"
	ProjectSection(SolutionItems) = preProject
		.editorconfig = .editorconfig
		.gitignore = .gitignore
		.gitattributes = .gitattributes
		README.md = README.md
	EndProjectSection
EndProject
Global
	GlobalSection(SolutionConfigurationPlatforms) = preSolution
		Debug|Any CPU = Debug|Any CPU
		Release|Any CPU = Release|Any CPU
	EndGlobalSection
	GlobalSection(SolutionProperties) = preSolution
		HideSolutionNode = FALSE
	EndGlobalSection
	GlobalSection(ProjectConfigurationPlatforms) = postSolution
		{ABB7D09F-88B6-4A7A-B981-1220AC2AD952}.Debug|Any CPU.ActiveCfg = Debug|Any CPU
		{ABB7D09F-88B6-4A7A-B981-1220AC2AD952}.Debug|Any CPU.Build.0 = Debug|Any CPU
		{ABB7D09F-88B6-4A7A-B981-1220AC2AD952}.Release|Any CPU.ActiveCfg = Release|Any CPU
		{ABB7D09F-88B6-4A7A-B981-1220AC2AD952}.Release|Any CPU.Build.0 = Release|Any CPU
	EndGlobalSection
EndGlobal
